// !$*UTF8*$!
{
	archiveVersion = 1;
	classes = {
	};
	objectVersion = 48;
	objects = {

/* Begin PBXBuildFile section */
		20911CE2F008745E79923862 /* Pods_ClearScoreTask.framework in Frameworks */ = {isa = PBXBuildFile; fileRef = F9EC528E9EA8D39897A2FB52 /* Pods_ClearScoreTask.framework */; };
		225F0687206102D700E625DA /* AppDelegate.swift in Sources */ = {isa = PBXBuildFile; fileRef = 225F0686206102D700E625DA /* AppDelegate.swift */; };
		225F068E206102D700E625DA /* Assets.xcassets in Resources */ = {isa = PBXBuildFile; fileRef = 225F068D206102D700E625DA /* Assets.xcassets */; };
		225F0691206102D700E625DA /* LaunchScreen.storyboard in Resources */ = {isa = PBXBuildFile; fileRef = 225F068F206102D700E625DA /* LaunchScreen.storyboard */; };
		225F069C206102D800E625DA /* ClearScoreTaskTests.swift in Sources */ = {isa = PBXBuildFile; fileRef = 225F069B206102D800E625DA /* ClearScoreTaskTests.swift */; };
		225F06A7206102D800E625DA /* ClearScoreTaskUITests.swift in Sources */ = {isa = PBXBuildFile; fileRef = 225F06A6206102D800E625DA /* ClearScoreTaskUITests.swift */; };
		225F06B72061067C00E625DA /* AppCoordinator.swift in Sources */ = {isa = PBXBuildFile; fileRef = 225F06B62061067C00E625DA /* AppCoordinator.swift */; };
		225F06B9206106A700E625DA /* Coordinator.swift in Sources */ = {isa = PBXBuildFile; fileRef = 225F06B8206106A700E625DA /* Coordinator.swift */; };
		225F06BE2061089000E625DA /* BaseViewController.swift in Sources */ = {isa = PBXBuildFile; fileRef = 225F06BD2061089000E625DA /* BaseViewController.swift */; };
		225F06C0206108FE00E625DA /* CreditScoreViewController.swift in Sources */ = {isa = PBXBuildFile; fileRef = 225F06BF206108FE00E625DA /* CreditScoreViewController.swift */; };
		225F06C220610CF400E625DA /* BaseView.swift in Sources */ = {isa = PBXBuildFile; fileRef = 225F06C120610CF400E625DA /* BaseView.swift */; };
		225F06C520610EE300E625DA /* APIResult.swift in Sources */ = {isa = PBXBuildFile; fileRef = 225F06C420610EE300E625DA /* APIResult.swift */; };
		225F06C720610F0500E625DA /* CreditReportInfo.swift in Sources */ = {isa = PBXBuildFile; fileRef = 225F06C620610F0500E625DA /* CreditReportInfo.swift */; };
		225F06CA20610F7600E625DA /* CreditReportInfoTests.swift in Sources */ = {isa = PBXBuildFile; fileRef = 225F06C920610F7600E625DA /* CreditReportInfoTests.swift */; };
		225F06CD20610F9500E625DA /* credit_report_info.json in Resources */ = {isa = PBXBuildFile; fileRef = 225F06CC20610F9500E625DA /* credit_report_info.json */; };
		225F06CF20610FAD00E625DA /* TestFixtureHelpers.swift in Sources */ = {isa = PBXBuildFile; fileRef = 225F06CE20610FAD00E625DA /* TestFixtureHelpers.swift */; };
		225F06D1206111CB00E625DA /* APIResultTests.swift in Sources */ = {isa = PBXBuildFile; fileRef = 225F06D0206111CB00E625DA /* APIResultTests.swift */; };
		225F06D32061120B00E625DA /* full_api_response.json in Resources */ = {isa = PBXBuildFile; fileRef = 225F06D22061120B00E625DA /* full_api_response.json */; };
		AE2940420C0A720892C31F49 /* Pods_ClearScoreTaskTests.framework in Frameworks */ = {isa = PBXBuildFile; fileRef = AB951EC9D453D68218E4C92F /* Pods_ClearScoreTaskTests.framework */; };
		DC621C95E29E89630BB5AD4A /* Pods_ClearScoreTaskUITests.framework in Frameworks */ = {isa = PBXBuildFile; fileRef = 365577A9ED5707401E4950FA /* Pods_ClearScoreTaskUITests.framework */; };
/* End PBXBuildFile section */

/* Begin PBXContainerItemProxy section */
		225F0698206102D800E625DA /* PBXContainerItemProxy */ = {
			isa = PBXContainerItemProxy;
			containerPortal = 225F067B206102D700E625DA /* Project object */;
			proxyType = 1;
			remoteGlobalIDString = 225F0682206102D700E625DA;
			remoteInfo = ClearScoreTask;
		};
		225F06A3206102D800E625DA /* PBXContainerItemProxy */ = {
			isa = PBXContainerItemProxy;
			containerPortal = 225F067B206102D700E625DA /* Project object */;
			proxyType = 1;
			remoteGlobalIDString = 225F0682206102D700E625DA;
			remoteInfo = ClearScoreTask;
		};
/* End PBXContainerItemProxy section */

/* Begin PBXFileReference section */
		1582ECADDB0D1C76541EBB6B /* Pods-ClearScoreTaskTests.release.xcconfig */ = {isa = PBXFileReference; includeInIndex = 1; lastKnownFileType = text.xcconfig; name = "Pods-ClearScoreTaskTests.release.xcconfig"; path = "Pods/Target Support Files/Pods-ClearScoreTaskTests/Pods-ClearScoreTaskTests.release.xcconfig"; sourceTree = "<group>"; };
		2063B6ECF7B1099F4663A9DA /* Pods-ClearScoreTask.debug.xcconfig */ = {isa = PBXFileReference; includeInIndex = 1; lastKnownFileType = text.xcconfig; name = "Pods-ClearScoreTask.debug.xcconfig"; path = "Pods/Target Support Files/Pods-ClearScoreTask/Pods-ClearScoreTask.debug.xcconfig"; sourceTree = "<group>"; };
		225F0683206102D700E625DA /* ClearScoreTask.app */ = {isa = PBXFileReference; explicitFileType = wrapper.application; includeInIndex = 0; path = ClearScoreTask.app; sourceTree = BUILT_PRODUCTS_DIR; };
		225F0686206102D700E625DA /* AppDelegate.swift */ = {isa = PBXFileReference; lastKnownFileType = sourcecode.swift; path = AppDelegate.swift; sourceTree = "<group>"; };
		225F068D206102D700E625DA /* Assets.xcassets */ = {isa = PBXFileReference; lastKnownFileType = folder.assetcatalog; path = Assets.xcassets; sourceTree = "<group>"; };
		225F0690206102D700E625DA /* Base */ = {isa = PBXFileReference; lastKnownFileType = file.storyboard; name = Base; path = Base.lproj/LaunchScreen.storyboard; sourceTree = "<group>"; };
		225F0692206102D700E625DA /* Info.plist */ = {isa = PBXFileReference; lastKnownFileType = text.plist.xml; path = Info.plist; sourceTree = "<group>"; };
		225F0697206102D700E625DA /* ClearScoreTaskTests.xctest */ = {isa = PBXFileReference; explicitFileType = wrapper.cfbundle; includeInIndex = 0; path = ClearScoreTaskTests.xctest; sourceTree = BUILT_PRODUCTS_DIR; };
		225F069B206102D800E625DA /* ClearScoreTaskTests.swift */ = {isa = PBXFileReference; lastKnownFileType = sourcecode.swift; path = ClearScoreTaskTests.swift; sourceTree = "<group>"; };
		225F069D206102D800E625DA /* Info.plist */ = {isa = PBXFileReference; lastKnownFileType = text.plist.xml; path = Info.plist; sourceTree = "<group>"; };
		225F06A2206102D800E625DA /* ClearScoreTaskUITests.xctest */ = {isa = PBXFileReference; explicitFileType = wrapper.cfbundle; includeInIndex = 0; path = ClearScoreTaskUITests.xctest; sourceTree = BUILT_PRODUCTS_DIR; };
		225F06A6206102D800E625DA /* ClearScoreTaskUITests.swift */ = {isa = PBXFileReference; lastKnownFileType = sourcecode.swift; path = ClearScoreTaskUITests.swift; sourceTree = "<group>"; };
		225F06A8206102D800E625DA /* Info.plist */ = {isa = PBXFileReference; lastKnownFileType = text.plist.xml; path = Info.plist; sourceTree = "<group>"; };
		225F06B62061067C00E625DA /* AppCoordinator.swift */ = {isa = PBXFileReference; lastKnownFileType = sourcecode.swift; path = AppCoordinator.swift; sourceTree = "<group>"; };
		225F06B8206106A700E625DA /* Coordinator.swift */ = {isa = PBXFileReference; lastKnownFileType = sourcecode.swift; path = Coordinator.swift; sourceTree = "<group>"; };
		225F06BD2061089000E625DA /* BaseViewController.swift */ = {isa = PBXFileReference; lastKnownFileType = sourcecode.swift; path = BaseViewController.swift; sourceTree = "<group>"; };
		225F06BF206108FE00E625DA /* CreditScoreViewController.swift */ = {isa = PBXFileReference; lastKnownFileType = sourcecode.swift; path = CreditScoreViewController.swift; sourceTree = "<group>"; };
		225F06C120610CF400E625DA /* BaseView.swift */ = {isa = PBXFileReference; lastKnownFileType = sourcecode.swift; path = BaseView.swift; sourceTree = "<group>"; };
		225F06C420610EE300E625DA /* APIResult.swift */ = {isa = PBXFileReference; lastKnownFileType = sourcecode.swift; path = APIResult.swift; sourceTree = "<group>"; };
		225F06C620610F0500E625DA /* CreditReportInfo.swift */ = {isa = PBXFileReference; lastKnownFileType = sourcecode.swift; path = CreditReportInfo.swift; sourceTree = "<group>"; };
		225F06C920610F7600E625DA /* CreditReportInfoTests.swift */ = {isa = PBXFileReference; lastKnownFileType = sourcecode.swift; path = CreditReportInfoTests.swift; sourceTree = "<group>"; };
		225F06CC20610F9500E625DA /* credit_report_info.json */ = {isa = PBXFileReference; lastKnownFileType = text.json; path = credit_report_info.json; sourceTree = "<group>"; };
		225F06CE20610FAD00E625DA /* TestFixtureHelpers.swift */ = {isa = PBXFileReference; lastKnownFileType = sourcecode.swift; path = TestFixtureHelpers.swift; sourceTree = "<group>"; };
		225F06D0206111CB00E625DA /* APIResultTests.swift */ = {isa = PBXFileReference; lastKnownFileType = sourcecode.swift; path = APIResultTests.swift; sourceTree = "<group>"; };
		225F06D22061120B00E625DA /* full_api_response.json */ = {isa = PBXFileReference; lastKnownFileType = text.json; path = full_api_response.json; sourceTree = "<group>"; };
		365577A9ED5707401E4950FA /* Pods_ClearScoreTaskUITests.framework */ = {isa = PBXFileReference; explicitFileType = wrapper.framework; includeInIndex = 0; path = Pods_ClearScoreTaskUITests.framework; sourceTree = BUILT_PRODUCTS_DIR; };
		382B7F6E5F12A29E571CBE55 /* Pods-ClearScoreTaskUITests.debug.xcconfig */ = {isa = PBXFileReference; includeInIndex = 1; lastKnownFileType = text.xcconfig; name = "Pods-ClearScoreTaskUITests.debug.xcconfig"; path = "Pods/Target Support Files/Pods-ClearScoreTaskUITests/Pods-ClearScoreTaskUITests.debug.xcconfig"; sourceTree = "<group>"; };
		43B9826B139B94E0ACD57D15 /* Pods-ClearScoreTaskUITests.release.xcconfig */ = {isa = PBXFileReference; includeInIndex = 1; lastKnownFileType = text.xcconfig; name = "Pods-ClearScoreTaskUITests.release.xcconfig"; path = "Pods/Target Support Files/Pods-ClearScoreTaskUITests/Pods-ClearScoreTaskUITests.release.xcconfig"; sourceTree = "<group>"; };
		55E022BA67013D8EDF88BB03 /* Pods-ClearScoreTaskTests.debug.xcconfig */ = {isa = PBXFileReference; includeInIndex = 1; lastKnownFileType = text.xcconfig; name = "Pods-ClearScoreTaskTests.debug.xcconfig"; path = "Pods/Target Support Files/Pods-ClearScoreTaskTests/Pods-ClearScoreTaskTests.debug.xcconfig"; sourceTree = "<group>"; };
		5C447393FB6523B47E257C29 /* Pods-ClearScoreTask.release.xcconfig */ = {isa = PBXFileReference; includeInIndex = 1; lastKnownFileType = text.xcconfig; name = "Pods-ClearScoreTask.release.xcconfig"; path = "Pods/Target Support Files/Pods-ClearScoreTask/Pods-ClearScoreTask.release.xcconfig"; sourceTree = "<group>"; };
		AB951EC9D453D68218E4C92F /* Pods_ClearScoreTaskTests.framework */ = {isa = PBXFileReference; explicitFileType = wrapper.framework; includeInIndex = 0; path = Pods_ClearScoreTaskTests.framework; sourceTree = BUILT_PRODUCTS_DIR; };
		F9EC528E9EA8D39897A2FB52 /* Pods_ClearScoreTask.framework */ = {isa = PBXFileReference; explicitFileType = wrapper.framework; includeInIndex = 0; path = Pods_ClearScoreTask.framework; sourceTree = BUILT_PRODUCTS_DIR; };
/* End PBXFileReference section */

/* Begin PBXFrameworksBuildPhase section */
		225F0680206102D700E625DA /* Frameworks */ = {
			isa = PBXFrameworksBuildPhase;
			buildActionMask = 2147483647;
			files = (
				20911CE2F008745E79923862 /* Pods_ClearScoreTask.framework in Frameworks */,
			);
			runOnlyForDeploymentPostprocessing = 0;
		};
		225F0694206102D700E625DA /* Frameworks */ = {
			isa = PBXFrameworksBuildPhase;
			buildActionMask = 2147483647;
			files = (
				AE2940420C0A720892C31F49 /* Pods_ClearScoreTaskTests.framework in Frameworks */,
			);
			runOnlyForDeploymentPostprocessing = 0;
		};
		225F069F206102D800E625DA /* Frameworks */ = {
			isa = PBXFrameworksBuildPhase;
			buildActionMask = 2147483647;
			files = (
				DC621C95E29E89630BB5AD4A /* Pods_ClearScoreTaskUITests.framework in Frameworks */,
			);
			runOnlyForDeploymentPostprocessing = 0;
		};
/* End PBXFrameworksBuildPhase section */

/* Begin PBXGroup section */
		225F067A206102D700E625DA = {
			isa = PBXGroup;
			children = (
				225F0685206102D700E625DA /* ClearScoreTask */,
				225F069A206102D800E625DA /* ClearScoreTaskTests */,
				225F06A5206102D800E625DA /* ClearScoreTaskUITests */,
				225F0684206102D700E625DA /* Products */,
				E9A894449CC47029C4F6373D /* Pods */,
				674632DCD958DB3C2BB35910 /* Frameworks */,
			);
			sourceTree = "<group>";
		};
		225F0684206102D700E625DA /* Products */ = {
			isa = PBXGroup;
			children = (
				225F0683206102D700E625DA /* ClearScoreTask.app */,
				225F0697206102D700E625DA /* ClearScoreTaskTests.xctest */,
				225F06A2206102D800E625DA /* ClearScoreTaskUITests.xctest */,
			);
			name = Products;
			sourceTree = "<group>";
		};
		225F0685206102D700E625DA /* ClearScoreTask */ = {
			isa = PBXGroup;
			children = (
				225F06C320610EC900E625DA /* Model */,
				225F06B52061066C00E625DA /* Coordinator */,
				225F06BA2061084C00E625DA /* Screens */,
				225F0686206102D700E625DA /* AppDelegate.swift */,
				225F068D206102D700E625DA /* Assets.xcassets */,
				225F068F206102D700E625DA /* LaunchScreen.storyboard */,
				225F0692206102D700E625DA /* Info.plist */,
			);
			path = ClearScoreTask;
			sourceTree = "<group>";
		};
		225F069A206102D800E625DA /* ClearScoreTaskTests */ = {
			isa = PBXGroup;
			children = (
				225F06CB20610F8400E625DA /* Test Fixtures */,
				225F06C820610F6600E625DA /* Model */,
				225F069B206102D800E625DA /* ClearScoreTaskTests.swift */,
				225F069D206102D800E625DA /* Info.plist */,
			);
			path = ClearScoreTaskTests;
			sourceTree = "<group>";
		};
		225F06A5206102D800E625DA /* ClearScoreTaskUITests */ = {
			isa = PBXGroup;
			children = (
				225F06A6206102D800E625DA /* ClearScoreTaskUITests.swift */,
				225F06A8206102D800E625DA /* Info.plist */,
			);
			path = ClearScoreTaskUITests;
			sourceTree = "<group>";
		};
		225F06B52061066C00E625DA /* Coordinator */ = {
			isa = PBXGroup;
			children = (
				225F06B62061067C00E625DA /* AppCoordinator.swift */,
				225F06B8206106A700E625DA /* Coordinator.swift */,
			);
			path = Coordinator;
			sourceTree = "<group>";
		};
		225F06BA2061084C00E625DA /* Screens */ = {
			isa = PBXGroup;
			children = (
				225F06BC2061086F00E625DA /* Common */,
				225F06BB2061085B00E625DA /* Credit Score */,
			);
			path = Screens;
			sourceTree = "<group>";
		};
		225F06BB2061085B00E625DA /* Credit Score */ = {
			isa = PBXGroup;
			children = (
				225F06BF206108FE00E625DA /* CreditScoreViewController.swift */,
			);
			path = "Credit Score";
			sourceTree = "<group>";
		};
		225F06BC2061086F00E625DA /* Common */ = {
			isa = PBXGroup;
			children = (
				225F06BD2061089000E625DA /* BaseViewController.swift */,
				225F06C120610CF400E625DA /* BaseView.swift */,
			);
			path = Common;
			sourceTree = "<group>";
		};
		225F06C320610EC900E625DA /* Model */ = {
			isa = PBXGroup;
			children = (
				225F06C420610EE300E625DA /* APIResult.swift */,
				225F06C620610F0500E625DA /* CreditReportInfo.swift */,
			);
			path = Model;
			sourceTree = "<group>";
		};
		225F06C820610F6600E625DA /* Model */ = {
			isa = PBXGroup;
			children = (
				225F06C920610F7600E625DA /* CreditReportInfoTests.swift */,
				225F06D0206111CB00E625DA /* APIResultTests.swift */,
			);
			path = Model;
			sourceTree = "<group>";
		};
		225F06CB20610F8400E625DA /* Test Fixtures */ = {
			isa = PBXGroup;
			children = (
				225F06CC20610F9500E625DA /* credit_report_info.json */,
				225F06D22061120B00E625DA /* full_api_response.json */,
				225F06CE20610FAD00E625DA /* TestFixtureHelpers.swift */,
			);
			path = "Test Fixtures";
			sourceTree = "<group>";
		};
		674632DCD958DB3C2BB35910 /* Frameworks */ = {
			isa = PBXGroup;
			children = (
				F9EC528E9EA8D39897A2FB52 /* Pods_ClearScoreTask.framework */,
				AB951EC9D453D68218E4C92F /* Pods_ClearScoreTaskTests.framework */,
				365577A9ED5707401E4950FA /* Pods_ClearScoreTaskUITests.framework */,
			);
			name = Frameworks;
			sourceTree = "<group>";
		};
		E9A894449CC47029C4F6373D /* Pods */ = {
			isa = PBXGroup;
			children = (
				2063B6ECF7B1099F4663A9DA /* Pods-ClearScoreTask.debug.xcconfig */,
				5C447393FB6523B47E257C29 /* Pods-ClearScoreTask.release.xcconfig */,
				55E022BA67013D8EDF88BB03 /* Pods-ClearScoreTaskTests.debug.xcconfig */,
				1582ECADDB0D1C76541EBB6B /* Pods-ClearScoreTaskTests.release.xcconfig */,
				382B7F6E5F12A29E571CBE55 /* Pods-ClearScoreTaskUITests.debug.xcconfig */,
				43B9826B139B94E0ACD57D15 /* Pods-ClearScoreTaskUITests.release.xcconfig */,
			);
			name = Pods;
			sourceTree = "<group>";
		};
/* End PBXGroup section */

/* Begin PBXNativeTarget section */
		225F0682206102D700E625DA /* ClearScoreTask */ = {
			isa = PBXNativeTarget;
			buildConfigurationList = 225F06AB206102D800E625DA /* Build configuration list for PBXNativeTarget "ClearScoreTask" */;
			buildPhases = (
				BADCBB23FAB59FF5C8C6DA28 /* [CP] Check Pods Manifest.lock */,
				225F06B4206104A000E625DA /* Run swiftlint */,
				225F067F206102D700E625DA /* Sources */,
				225F0680206102D700E625DA /* Frameworks */,
				225F0681206102D700E625DA /* Resources */,
				C291E1D55036C794D9F8FA63 /* [CP] Embed Pods Frameworks */,
				CDB667F998E754437492B589 /* [CP] Copy Pods Resources */,
			);
			buildRules = (
			);
			dependencies = (
			);
			name = ClearScoreTask;
			productName = ClearScoreTask;
			productReference = 225F0683206102D700E625DA /* ClearScoreTask.app */;
			productType = "com.apple.product-type.application";
		};
		225F0696206102D700E625DA /* ClearScoreTaskTests */ = {
			isa = PBXNativeTarget;
			buildConfigurationList = 225F06AE206102D800E625DA /* Build configuration list for PBXNativeTarget "ClearScoreTaskTests" */;
			buildPhases = (
				587ECF1DB1BEA4BF3B1B5E0E /* [CP] Check Pods Manifest.lock */,
				225F0693206102D700E625DA /* Sources */,
				225F0694206102D700E625DA /* Frameworks */,
				225F0695206102D700E625DA /* Resources */,
				027FAA4B8BD1D2D6D6127B3E /* [CP] Embed Pods Frameworks */,
				7C45780D635D06C4A3734423 /* [CP] Copy Pods Resources */,
			);
			buildRules = (
			);
			dependencies = (
				225F0699206102D800E625DA /* PBXTargetDependency */,
			);
			name = ClearScoreTaskTests;
			productName = ClearScoreTaskTests;
			productReference = 225F0697206102D700E625DA /* ClearScoreTaskTests.xctest */;
			productType = "com.apple.product-type.bundle.unit-test";
		};
		225F06A1206102D800E625DA /* ClearScoreTaskUITests */ = {
			isa = PBXNativeTarget;
			buildConfigurationList = 225F06B1206102D800E625DA /* Build configuration list for PBXNativeTarget "ClearScoreTaskUITests" */;
			buildPhases = (
				5DFB30B775EE1B8121CDAF60 /* [CP] Check Pods Manifest.lock */,
				225F069E206102D800E625DA /* Sources */,
				225F069F206102D800E625DA /* Frameworks */,
				225F06A0206102D800E625DA /* Resources */,
				851E0E0D917F26FB33B38C2C /* [CP] Embed Pods Frameworks */,
				E05DB1370823BE0E5DEFA092 /* [CP] Copy Pods Resources */,
			);
			buildRules = (
			);
			dependencies = (
				225F06A4206102D800E625DA /* PBXTargetDependency */,
			);
			name = ClearScoreTaskUITests;
			productName = ClearScoreTaskUITests;
			productReference = 225F06A2206102D800E625DA /* ClearScoreTaskUITests.xctest */;
			productType = "com.apple.product-type.bundle.ui-testing";
		};
/* End PBXNativeTarget section */

/* Begin PBXProject section */
		225F067B206102D700E625DA /* Project object */ = {
			isa = PBXProject;
			attributes = {
				LastSwiftUpdateCheck = 0920;
				LastUpgradeCheck = 0920;
				ORGANIZATIONNAME = "Sam Watts";
				TargetAttributes = {
					225F0682206102D700E625DA = {
						CreatedOnToolsVersion = 9.2;
						ProvisioningStyle = Automatic;
					};
					225F0696206102D700E625DA = {
						CreatedOnToolsVersion = 9.2;
						ProvisioningStyle = Automatic;
						TestTargetID = 225F0682206102D700E625DA;
					};
					225F06A1206102D800E625DA = {
						CreatedOnToolsVersion = 9.2;
						ProvisioningStyle = Automatic;
						TestTargetID = 225F0682206102D700E625DA;
					};
				};
			};
			buildConfigurationList = 225F067E206102D700E625DA /* Build configuration list for PBXProject "ClearScoreTask" */;
			compatibilityVersion = "Xcode 8.0";
			developmentRegion = en;
			hasScannedForEncodings = 0;
			knownRegions = (
				en,
				Base,
			);
			mainGroup = 225F067A206102D700E625DA;
			productRefGroup = 225F0684206102D700E625DA /* Products */;
			projectDirPath = "";
			projectRoot = "";
			targets = (
				225F0682206102D700E625DA /* ClearScoreTask */,
				225F0696206102D700E625DA /* ClearScoreTaskTests */,
				225F06A1206102D800E625DA /* ClearScoreTaskUITests */,
			);
		};
/* End PBXProject section */

/* Begin PBXResourcesBuildPhase section */
		225F0681206102D700E625DA /* Resources */ = {
			isa = PBXResourcesBuildPhase;
			buildActionMask = 2147483647;
			files = (
				225F0691206102D700E625DA /* LaunchScreen.storyboard in Resources */,
				225F068E206102D700E625DA /* Assets.xcassets in Resources */,
			);
			runOnlyForDeploymentPostprocessing = 0;
		};
		225F0695206102D700E625DA /* Resources */ = {
			isa = PBXResourcesBuildPhase;
			buildActionMask = 2147483647;
			files = (
				225F06D32061120B00E625DA /* full_api_response.json in Resources */,
				225F06CD20610F9500E625DA /* credit_report_info.json in Resources */,
			);
			runOnlyForDeploymentPostprocessing = 0;
		};
		225F06A0206102D800E625DA /* Resources */ = {
			isa = PBXResourcesBuildPhase;
			buildActionMask = 2147483647;
			files = (
			);
			runOnlyForDeploymentPostprocessing = 0;
		};
/* End PBXResourcesBuildPhase section */

/* Begin PBXShellScriptBuildPhase section */
		027FAA4B8BD1D2D6D6127B3E /* [CP] Embed Pods Frameworks */ = {
			isa = PBXShellScriptBuildPhase;
			buildActionMask = 2147483647;
			files = (
			);
			inputPaths = (
			);
			name = "[CP] Embed Pods Frameworks";
			outputPaths = (
			);
			runOnlyForDeploymentPostprocessing = 0;
			shellPath = /bin/sh;
			shellScript = "\"${SRCROOT}/Pods/Target Support Files/Pods-ClearScoreTaskTests/Pods-ClearScoreTaskTests-frameworks.sh\"\n";
			showEnvVarsInLog = 0;
		};
		225F06B4206104A000E625DA /* Run swiftlint */ = {
			isa = PBXShellScriptBuildPhase;
			buildActionMask = 2147483647;
			files = (
			);
			inputPaths = (
			);
			name = "Run swiftlint";
			outputPaths = (
			);
			runOnlyForDeploymentPostprocessing = 0;
			shellPath = /bin/sh;
			shellScript = "\"${PODS_ROOT}/SwiftLint/swiftlint\"";
		};
		587ECF1DB1BEA4BF3B1B5E0E /* [CP] Check Pods Manifest.lock */ = {
			isa = PBXShellScriptBuildPhase;
			buildActionMask = 2147483647;
			files = (
			);
			inputPaths = (
				"${PODS_PODFILE_DIR_PATH}/Podfile.lock",
				"${PODS_ROOT}/Manifest.lock",
			);
			name = "[CP] Check Pods Manifest.lock";
			outputPaths = (
				"$(DERIVED_FILE_DIR)/Pods-ClearScoreTaskTests-checkManifestLockResult.txt",
			);
			runOnlyForDeploymentPostprocessing = 0;
			shellPath = /bin/sh;
			shellScript = "diff \"${PODS_PODFILE_DIR_PATH}/Podfile.lock\" \"${PODS_ROOT}/Manifest.lock\" > /dev/null\nif [ $? != 0 ] ; then\n    # print error to STDERR\n    echo \"error: The sandbox is not in sync with the Podfile.lock. Run 'pod install' or update your CocoaPods installation.\" >&2\n    exit 1\nfi\n# This output is used by Xcode 'outputs' to avoid re-running this script phase.\necho \"SUCCESS\" > \"${SCRIPT_OUTPUT_FILE_0}\"\n";
			showEnvVarsInLog = 0;
		};
		5DFB30B775EE1B8121CDAF60 /* [CP] Check Pods Manifest.lock */ = {
			isa = PBXShellScriptBuildPhase;
			buildActionMask = 2147483647;
			files = (
			);
			inputPaths = (
				"${PODS_PODFILE_DIR_PATH}/Podfile.lock",
				"${PODS_ROOT}/Manifest.lock",
			);
			name = "[CP] Check Pods Manifest.lock";
			outputPaths = (
				"$(DERIVED_FILE_DIR)/Pods-ClearScoreTaskUITests-checkManifestLockResult.txt",
			);
			runOnlyForDeploymentPostprocessing = 0;
			shellPath = /bin/sh;
			shellScript = "diff \"${PODS_PODFILE_DIR_PATH}/Podfile.lock\" \"${PODS_ROOT}/Manifest.lock\" > /dev/null\nif [ $? != 0 ] ; then\n    # print error to STDERR\n    echo \"error: The sandbox is not in sync with the Podfile.lock. Run 'pod install' or update your CocoaPods installation.\" >&2\n    exit 1\nfi\n# This output is used by Xcode 'outputs' to avoid re-running this script phase.\necho \"SUCCESS\" > \"${SCRIPT_OUTPUT_FILE_0}\"\n";
			showEnvVarsInLog = 0;
		};
		7C45780D635D06C4A3734423 /* [CP] Copy Pods Resources */ = {
			isa = PBXShellScriptBuildPhase;
			buildActionMask = 2147483647;
			files = (
			);
			inputPaths = (
			);
			name = "[CP] Copy Pods Resources";
			outputPaths = (
			);
			runOnlyForDeploymentPostprocessing = 0;
			shellPath = /bin/sh;
			shellScript = "\"${SRCROOT}/Pods/Target Support Files/Pods-ClearScoreTaskTests/Pods-ClearScoreTaskTests-resources.sh\"\n";
			showEnvVarsInLog = 0;
		};
		851E0E0D917F26FB33B38C2C /* [CP] Embed Pods Frameworks */ = {
			isa = PBXShellScriptBuildPhase;
			buildActionMask = 2147483647;
			files = (
			);
			inputPaths = (
			);
			name = "[CP] Embed Pods Frameworks";
			outputPaths = (
			);
			runOnlyForDeploymentPostprocessing = 0;
			shellPath = /bin/sh;
			shellScript = "\"${SRCROOT}/Pods/Target Support Files/Pods-ClearScoreTaskUITests/Pods-ClearScoreTaskUITests-frameworks.sh\"\n";
			showEnvVarsInLog = 0;
		};
		BADCBB23FAB59FF5C8C6DA28 /* [CP] Check Pods Manifest.lock */ = {
			isa = PBXShellScriptBuildPhase;
			buildActionMask = 2147483647;
			files = (
			);
			inputPaths = (
				"${PODS_PODFILE_DIR_PATH}/Podfile.lock",
				"${PODS_ROOT}/Manifest.lock",
			);
			name = "[CP] Check Pods Manifest.lock";
			outputPaths = (
				"$(DERIVED_FILE_DIR)/Pods-ClearScoreTask-checkManifestLockResult.txt",
			);
			runOnlyForDeploymentPostprocessing = 0;
			shellPath = /bin/sh;
			shellScript = "diff \"${PODS_PODFILE_DIR_PATH}/Podfile.lock\" \"${PODS_ROOT}/Manifest.lock\" > /dev/null\nif [ $? != 0 ] ; then\n    # print error to STDERR\n    echo \"error: The sandbox is not in sync with the Podfile.lock. Run 'pod install' or update your CocoaPods installation.\" >&2\n    exit 1\nfi\n# This output is used by Xcode 'outputs' to avoid re-running this script phase.\necho \"SUCCESS\" > \"${SCRIPT_OUTPUT_FILE_0}\"\n";
			showEnvVarsInLog = 0;
		};
		C291E1D55036C794D9F8FA63 /* [CP] Embed Pods Frameworks */ = {
			isa = PBXShellScriptBuildPhase;
			buildActionMask = 2147483647;
			files = (
			);
			inputPaths = (
				"${SRCROOT}/Pods/Target Support Files/Pods-ClearScoreTask/Pods-ClearScoreTask-frameworks.sh",
				"${BUILT_PRODUCTS_DIR}/RxCocoa/RxCocoa.framework",
				"${BUILT_PRODUCTS_DIR}/RxSwift/RxSwift.framework",
			);
			name = "[CP] Embed Pods Frameworks";
			outputPaths = (
				"${TARGET_BUILD_DIR}/${FRAMEWORKS_FOLDER_PATH}/RxCocoa.framework",
				"${TARGET_BUILD_DIR}/${FRAMEWORKS_FOLDER_PATH}/RxSwift.framework",
			);
			runOnlyForDeploymentPostprocessing = 0;
			shellPath = /bin/sh;
			shellScript = "\"${SRCROOT}/Pods/Target Support Files/Pods-ClearScoreTask/Pods-ClearScoreTask-frameworks.sh\"\n";
			showEnvVarsInLog = 0;
		};
		CDB667F998E754437492B589 /* [CP] Copy Pods Resources */ = {
			isa = PBXShellScriptBuildPhase;
			buildActionMask = 2147483647;
			files = (
			);
			inputPaths = (
			);
			name = "[CP] Copy Pods Resources";
			outputPaths = (
			);
			runOnlyForDeploymentPostprocessing = 0;
			shellPath = /bin/sh;
			shellScript = "\"${SRCROOT}/Pods/Target Support Files/Pods-ClearScoreTask/Pods-ClearScoreTask-resources.sh\"\n";
			showEnvVarsInLog = 0;
		};
		E05DB1370823BE0E5DEFA092 /* [CP] Copy Pods Resources */ = {
			isa = PBXShellScriptBuildPhase;
			buildActionMask = 2147483647;
			files = (
			);
			inputPaths = (
			);
			name = "[CP] Copy Pods Resources";
			outputPaths = (
			);
			runOnlyForDeploymentPostprocessing = 0;
			shellPath = /bin/sh;
			shellScript = "\"${SRCROOT}/Pods/Target Support Files/Pods-ClearScoreTaskUITests/Pods-ClearScoreTaskUITests-resources.sh\"\n";
			showEnvVarsInLog = 0;
		};
/* End PBXShellScriptBuildPhase section */

/* Begin PBXSourcesBuildPhase section */
		225F067F206102D700E625DA /* Sources */ = {
			isa = PBXSourcesBuildPhase;
			buildActionMask = 2147483647;
			files = (
				225F06B72061067C00E625DA /* AppCoordinator.swift in Sources */,
				225F06BE2061089000E625DA /* BaseViewController.swift in Sources */,
				225F06C0206108FE00E625DA /* CreditScoreViewController.swift in Sources */,
				225F06C220610CF400E625DA /* BaseView.swift in Sources */,
				225F06C720610F0500E625DA /* CreditReportInfo.swift in Sources */,
				225F0687206102D700E625DA /* AppDelegate.swift in Sources */,
				225F06C520610EE300E625DA /* APIResult.swift in Sources */,
				225F06B9206106A700E625DA /* Coordinator.swift in Sources */,
			);
			runOnlyForDeploymentPostprocessing = 0;
		};
		225F0693206102D700E625DA /* Sources */ = {
			isa = PBXSourcesBuildPhase;
			buildActionMask = 2147483647;
			files = (
				225F06CA20610F7600E625DA /* CreditReportInfoTests.swift in Sources */,
				225F06CF20610FAD00E625DA /* TestFixtureHelpers.swift in Sources */,
				225F069C206102D800E625DA /* ClearScoreTaskTests.swift in Sources */,
				225F06D1206111CB00E625DA /* APIResultTests.swift in Sources */,
			);
			runOnlyForDeploymentPostprocessing = 0;
		};
		225F069E206102D800E625DA /* Sources */ = {
			isa = PBXSourcesBuildPhase;
			buildActionMask = 2147483647;
			files = (
				225F06A7206102D800E625DA /* ClearScoreTaskUITests.swift in Sources */,
			);
			runOnlyForDeploymentPostprocessing = 0;
		};
/* End PBXSourcesBuildPhase section */

/* Begin PBXTargetDependency section */
		225F0699206102D800E625DA /* PBXTargetDependency */ = {
			isa = PBXTargetDependency;
			target = 225F0682206102D700E625DA /* ClearScoreTask */;
			targetProxy = 225F0698206102D800E625DA /* PBXContainerItemProxy */;
		};
		225F06A4206102D800E625DA /* PBXTargetDependency */ = {
			isa = PBXTargetDependency;
			target = 225F0682206102D700E625DA /* ClearScoreTask */;
			targetProxy = 225F06A3206102D800E625DA /* PBXContainerItemProxy */;
		};
/* End PBXTargetDependency section */

/* Begin PBXVariantGroup section */
		225F068F206102D700E625DA /* LaunchScreen.storyboard */ = {
			isa = PBXVariantGroup;
			children = (
				225F0690206102D700E625DA /* Base */,
			);
			name = LaunchScreen.storyboard;
			sourceTree = "<group>";
		};
/* End PBXVariantGroup section */

/* Begin XCBuildConfiguration section */
		225F06A9206102D800E625DA /* Debug */ = {
			isa = XCBuildConfiguration;
			buildSettings = {
				ALWAYS_SEARCH_USER_PATHS = NO;
				CLANG_ANALYZER_NONNULL = YES;
				CLANG_ANALYZER_NUMBER_OBJECT_CONVERSION = YES_AGGRESSIVE;
				CLANG_CXX_LANGUAGE_STANDARD = "gnu++14";
				CLANG_CXX_LIBRARY = "libc++";
				CLANG_ENABLE_MODULES = YES;
				CLANG_ENABLE_OBJC_ARC = YES;
				CLANG_WARN_BLOCK_CAPTURE_AUTORELEASING = YES;
				CLANG_WARN_BOOL_CONVERSION = YES;
				CLANG_WARN_COMMA = YES;
				CLANG_WARN_CONSTANT_CONVERSION = YES;
				CLANG_WARN_DIRECT_OBJC_ISA_USAGE = YES_ERROR;
				CLANG_WARN_DOCUMENTATION_COMMENTS = YES;
				CLANG_WARN_EMPTY_BODY = YES;
				CLANG_WARN_ENUM_CONVERSION = YES;
				CLANG_WARN_INFINITE_RECURSION = YES;
				CLANG_WARN_INT_CONVERSION = YES;
				CLANG_WARN_NON_LITERAL_NULL_CONVERSION = YES;
				CLANG_WARN_OBJC_LITERAL_CONVERSION = YES;
				CLANG_WARN_OBJC_ROOT_CLASS = YES_ERROR;
				CLANG_WARN_RANGE_LOOP_ANALYSIS = YES;
				CLANG_WARN_STRICT_PROTOTYPES = YES;
				CLANG_WARN_SUSPICIOUS_MOVE = YES;
				CLANG_WARN_UNGUARDED_AVAILABILITY = YES_AGGRESSIVE;
				CLANG_WARN_UNREACHABLE_CODE = YES;
				CLANG_WARN__DUPLICATE_METHOD_MATCH = YES;
				CODE_SIGN_IDENTITY = "iPhone Developer";
				COPY_PHASE_STRIP = NO;
				DEBUG_INFORMATION_FORMAT = dwarf;
				ENABLE_STRICT_OBJC_MSGSEND = YES;
				ENABLE_TESTABILITY = YES;
				GCC_C_LANGUAGE_STANDARD = gnu11;
				GCC_DYNAMIC_NO_PIC = NO;
				GCC_NO_COMMON_BLOCKS = YES;
				GCC_OPTIMIZATION_LEVEL = 0;
				GCC_PREPROCESSOR_DEFINITIONS = (
					"DEBUG=1",
					"$(inherited)",
				);
				GCC_WARN_64_TO_32_BIT_CONVERSION = YES;
				GCC_WARN_ABOUT_RETURN_TYPE = YES_ERROR;
				GCC_WARN_UNDECLARED_SELECTOR = YES;
				GCC_WARN_UNINITIALIZED_AUTOS = YES_AGGRESSIVE;
				GCC_WARN_UNUSED_FUNCTION = YES;
				GCC_WARN_UNUSED_VARIABLE = YES;
				IPHONEOS_DEPLOYMENT_TARGET = 11.2;
				MTL_ENABLE_DEBUG_INFO = YES;
				ONLY_ACTIVE_ARCH = YES;
				SDKROOT = iphoneos;
				SWIFT_ACTIVE_COMPILATION_CONDITIONS = DEBUG;
				SWIFT_OPTIMIZATION_LEVEL = "-Onone";
			};
			name = Debug;
		};
		225F06AA206102D800E625DA /* Release */ = {
			isa = XCBuildConfiguration;
			buildSettings = {
				ALWAYS_SEARCH_USER_PATHS = NO;
				CLANG_ANALYZER_NONNULL = YES;
				CLANG_ANALYZER_NUMBER_OBJECT_CONVERSION = YES_AGGRESSIVE;
				CLANG_CXX_LANGUAGE_STANDARD = "gnu++14";
				CLANG_CXX_LIBRARY = "libc++";
				CLANG_ENABLE_MODULES = YES;
				CLANG_ENABLE_OBJC_ARC = YES;
				CLANG_WARN_BLOCK_CAPTURE_AUTORELEASING = YES;
				CLANG_WARN_BOOL_CONVERSION = YES;
				CLANG_WARN_COMMA = YES;
				CLANG_WARN_CONSTANT_CONVERSION = YES;
				CLANG_WARN_DIRECT_OBJC_ISA_USAGE = YES_ERROR;
				CLANG_WARN_DOCUMENTATION_COMMENTS = YES;
				CLANG_WARN_EMPTY_BODY = YES;
				CLANG_WARN_ENUM_CONVERSION = YES;
				CLANG_WARN_INFINITE_RECURSION = YES;
				CLANG_WARN_INT_CONVERSION = YES;
				CLANG_WARN_NON_LITERAL_NULL_CONVERSION = YES;
				CLANG_WARN_OBJC_LITERAL_CONVERSION = YES;
				CLANG_WARN_OBJC_ROOT_CLASS = YES_ERROR;
				CLANG_WARN_RANGE_LOOP_ANALYSIS = YES;
				CLANG_WARN_STRICT_PROTOTYPES = YES;
				CLANG_WARN_SUSPICIOUS_MOVE = YES;
				CLANG_WARN_UNGUARDED_AVAILABILITY = YES_AGGRESSIVE;
				CLANG_WARN_UNREACHABLE_CODE = YES;
				CLANG_WARN__DUPLICATE_METHOD_MATCH = YES;
				CODE_SIGN_IDENTITY = "iPhone Developer";
				COPY_PHASE_STRIP = NO;
				DEBUG_INFORMATION_FORMAT = "dwarf-with-dsym";
				ENABLE_NS_ASSERTIONS = NO;
				ENABLE_STRICT_OBJC_MSGSEND = YES;
				GCC_C_LANGUAGE_STANDARD = gnu11;
				GCC_NO_COMMON_BLOCKS = YES;
				GCC_WARN_64_TO_32_BIT_CONVERSION = YES;
				GCC_WARN_ABOUT_RETURN_TYPE = YES_ERROR;
				GCC_WARN_UNDECLARED_SELECTOR = YES;
				GCC_WARN_UNINITIALIZED_AUTOS = YES_AGGRESSIVE;
				GCC_WARN_UNUSED_FUNCTION = YES;
				GCC_WARN_UNUSED_VARIABLE = YES;
				IPHONEOS_DEPLOYMENT_TARGET = 11.2;
				MTL_ENABLE_DEBUG_INFO = NO;
				SDKROOT = iphoneos;
				SWIFT_OPTIMIZATION_LEVEL = "-Owholemodule";
				VALIDATE_PRODUCT = YES;
			};
			name = Release;
		};
		225F06AC206102D800E625DA /* Debug */ = {
			isa = XCBuildConfiguration;
			baseConfigurationReference = 2063B6ECF7B1099F4663A9DA /* Pods-ClearScoreTask.debug.xcconfig */;
			buildSettings = {
				ASSETCATALOG_COMPILER_APPICON_NAME = AppIcon;
				CODE_SIGN_STYLE = Automatic;
				DEVELOPMENT_TEAM = 9B4L4655ZF;
				INFOPLIST_FILE = ClearScoreTask/Info.plist;
				LD_RUNPATH_SEARCH_PATHS = "$(inherited) @executable_path/Frameworks";
				PRODUCT_BUNDLE_IDENTIFIER = com.samwatts.ClearScoreTask;
				PRODUCT_NAME = "$(TARGET_NAME)";
				SWIFT_VERSION = 4.0;
				TARGETED_DEVICE_FAMILY = "1,2";
			};
			name = Debug;
		};
		225F06AD206102D800E625DA /* Release */ = {
			isa = XCBuildConfiguration;
			baseConfigurationReference = 5C447393FB6523B47E257C29 /* Pods-ClearScoreTask.release.xcconfig */;
			buildSettings = {
				ASSETCATALOG_COMPILER_APPICON_NAME = AppIcon;
				CODE_SIGN_STYLE = Automatic;
				DEVELOPMENT_TEAM = 9B4L4655ZF;
				INFOPLIST_FILE = ClearScoreTask/Info.plist;
				LD_RUNPATH_SEARCH_PATHS = "$(inherited) @executable_path/Frameworks";
				PRODUCT_BUNDLE_IDENTIFIER = com.samwatts.ClearScoreTask;
				PRODUCT_NAME = "$(TARGET_NAME)";
				SWIFT_VERSION = 4.0;
				TARGETED_DEVICE_FAMILY = "1,2";
			};
			name = Release;
		};
		225F06AF206102D800E625DA /* Debug */ = {
			isa = XCBuildConfiguration;
			baseConfigurationReference = 55E022BA67013D8EDF88BB03 /* Pods-ClearScoreTaskTests.debug.xcconfig */;
			buildSettings = {
				ALWAYS_EMBED_SWIFT_STANDARD_LIBRARIES = YES;
				BUNDLE_LOADER = "$(TEST_HOST)";
				CODE_SIGN_STYLE = Automatic;
				DEVELOPMENT_TEAM = 9B4L4655ZF;
				INFOPLIST_FILE = ClearScoreTaskTests/Info.plist;
				LD_RUNPATH_SEARCH_PATHS = "$(inherited) @executable_path/Frameworks @loader_path/Frameworks";
				PRODUCT_BUNDLE_IDENTIFIER = com.samwatts.ClearScoreTaskTests;
				PRODUCT_NAME = "$(TARGET_NAME)";
				SWIFT_VERSION = 4.0;
				TARGETED_DEVICE_FAMILY = "1,2";
				TEST_HOST = "$(BUILT_PRODUCTS_DIR)/ClearScoreTask.app/ClearScoreTask";
			};
			name = Debug;
		};
		225F06B0206102D800E625DA /* Release */ = {
			isa = XCBuildConfiguration;
			baseConfigurationReference = 1582ECADDB0D1C76541EBB6B /* Pods-ClearScoreTaskTests.release.xcconfig */;
			buildSettings = {
				ALWAYS_EMBED_SWIFT_STANDARD_LIBRARIES = YES;
				BUNDLE_LOADER = "$(TEST_HOST)";
				CODE_SIGN_STYLE = Automatic;
				DEVELOPMENT_TEAM = 9B4L4655ZF;
				INFOPLIST_FILE = ClearScoreTaskTests/Info.plist;
				LD_RUNPATH_SEARCH_PATHS = "$(inherited) @executable_path/Frameworks @loader_path/Frameworks";
				PRODUCT_BUNDLE_IDENTIFIER = com.samwatts.ClearScoreTaskTests;
				PRODUCT_NAME = "$(TARGET_NAME)";
				SWIFT_VERSION = 4.0;
				TARGETED_DEVICE_FAMILY = "1,2";
				TEST_HOST = "$(BUILT_PRODUCTS_DIR)/ClearScoreTask.app/ClearScoreTask";
			};
			name = Release;
		};
		225F06B2206102D800E625DA /* Debug */ = {
			isa = XCBuildConfiguration;
			baseConfigurationReference = 382B7F6E5F12A29E571CBE55 /* Pods-ClearScoreTaskUITests.debug.xcconfig */;
			buildSettings = {
				ALWAYS_EMBED_SWIFT_STANDARD_LIBRARIES = YES;
				CODE_SIGN_STYLE = Automatic;
				DEVELOPMENT_TEAM = 9B4L4655ZF;
				INFOPLIST_FILE = ClearScoreTaskUITests/Info.plist;
				LD_RUNPATH_SEARCH_PATHS = "$(inherited) @executable_path/Frameworks @loader_path/Frameworks";
				PRODUCT_BUNDLE_IDENTIFIER = com.samwatts.ClearScoreTaskUITests;
				PRODUCT_NAME = "$(TARGET_NAME)";
				SWIFT_VERSION = 4.0;
				TARGETED_DEVICE_FAMILY = "1,2";
				TEST_TARGET_NAME = ClearScoreTask;
			};
			name = Debug;
		};
		225F06B3206102D800E625DA /* Release */ = {
			isa = XCBuildConfiguration;
			baseConfigurationReference = 43B9826B139B94E0ACD57D15 /* Pods-ClearScoreTaskUITests.release.xcconfig */;
			buildSettings = {
				ALWAYS_EMBED_SWIFT_STANDARD_LIBRARIES = YES;
				CODE_SIGN_STYLE = Automatic;
				DEVELOPMENT_TEAM = 9B4L4655ZF;
				INFOPLIST_FILE = ClearScoreTaskUITests/Info.plist;
				LD_RUNPATH_SEARCH_PATHS = "$(inherited) @executable_path/Frameworks @loader_path/Frameworks";
				PRODUCT_BUNDLE_IDENTIFIER = com.samwatts.ClearScoreTaskUITests;
				PRODUCT_NAME = "$(TARGET_NAME)";
				SWIFT_VERSION = 4.0;
				TARGETED_DEVICE_FAMILY = "1,2";
				TEST_TARGET_NAME = ClearScoreTask;
			};
			name = Release;
		};
/* End XCBuildConfiguration section */

/* Begin XCConfigurationList section */
		225F067E206102D700E625DA /* Build configuration list for PBXProject "ClearScoreTask" */ = {
			isa = XCConfigurationList;
			buildConfigurations = (
				225F06A9206102D800E625DA /* Debug */,
				225F06AA206102D800E625DA /* Release */,
			);
			defaultConfigurationIsVisible = 0;
			defaultConfigurationName = Release;
		};
		225F06AB206102D800E625DA /* Build configuration list for PBXNativeTarget "ClearScoreTask" */ = {
			isa = XCConfigurationList;
			buildConfigurations = (
				225F06AC206102D800E625DA /* Debug */,
				225F06AD206102D800E625DA /* Release */,
			);
			defaultConfigurationIsVisible = 0;
			defaultConfigurationName = Release;
		};
		225F06AE206102D800E625DA /* Build configuration list for PBXNativeTarget "ClearScoreTaskTests" */ = {
			isa = XCConfigurationList;
			buildConfigurations = (
				225F06AF206102D800E625DA /* Debug */,
				225F06B0206102D800E625DA /* Release */,
			);
			defaultConfigurationIsVisible = 0;
			defaultConfigurationName = Release;
		};
		225F06B1206102D800E625DA /* Build configuration list for PBXNativeTarget "ClearScoreTaskUITests" */ = {
			isa = XCConfigurationList;
			buildConfigurations = (
				225F06B2206102D800E625DA /* Debug */,
				225F06B3206102D800E625DA /* Release */,
			);
			defaultConfigurationIsVisible = 0;
			defaultConfigurationName = Release;
		};
/* End XCConfigurationList section */
	};
	rootObject = 225F067B206102D700E625DA /* Project object */;
}
